// !$*UTF8*$!
{
	archiveVersion = 1;
	classes = {
	};
	objectVersion = 46;
	objects = {

/* Begin PBXBuildFile section */
		DC8662661A01BF6C00668B3F /* Foundation.framework in Frameworks */ = {isa = PBXBuildFile; fileRef = DC8662651A01BF6C00668B3F /* Foundation.framework */; };
		DC8662681A01BF6C00668B3F /* CoreGraphics.framework in Frameworks */ = {isa = PBXBuildFile; fileRef = DC8662671A01BF6C00668B3F /* CoreGraphics.framework */; };
		DC86626A1A01BF6C00668B3F /* UIKit.framework in Frameworks */ = {isa = PBXBuildFile; fileRef = DC8662691A01BF6C00668B3F /* UIKit.framework */; };
		DC8662701A01BF6C00668B3F /* InfoPlist.strings in Resources */ = {isa = PBXBuildFile; fileRef = DC86626E1A01BF6C00668B3F /* InfoPlist.strings */; };
		DC8662721A01BF6C00668B3F /* main.m in Sources */ = {isa = PBXBuildFile; fileRef = DC8662711A01BF6C00668B3F /* main.m */; };
		DC8662761A01BF6C00668B3F /* BNAppDelegate.m in Sources */ = {isa = PBXBuildFile; fileRef = DC8662751A01BF6C00668B3F /* BNAppDelegate.m */; };
		DC8662791A01BF6C00668B3F /* Main.storyboard in Resources */ = {isa = PBXBuildFile; fileRef = DC8662771A01BF6C00668B3F /* Main.storyboard */; };
		DC86627C1A01BF6C00668B3F /* BNViewController.m in Sources */ = {isa = PBXBuildFile; fileRef = DC86627B1A01BF6C00668B3F /* BNViewController.m */; };
		DC86627E1A01BF6C00668B3F /* Images.xcassets in Resources */ = {isa = PBXBuildFile; fileRef = DC86627D1A01BF6C00668B3F /* Images.xcassets */; };
		DC8662861A01BF6C00668B3F /* Foundation.framework in Frameworks */ = {isa = PBXBuildFile; fileRef = DC8662651A01BF6C00668B3F /* Foundation.framework */; };
		DC8662871A01BF6C00668B3F /* UIKit.framework in Frameworks */ = {isa = PBXBuildFile; fileRef = DC8662691A01BF6C00668B3F /* UIKit.framework */; };
		DC86628F1A01BF6C00668B3F /* InfoPlist.strings in Resources */ = {isa = PBXBuildFile; fileRef = DC86628D1A01BF6C00668B3F /* InfoPlist.strings */; };
		DC8662911A01BF6C00668B3F /* BiteNowTests.m in Sources */ = {isa = PBXBuildFile; fileRef = DC8662901A01BF6C00668B3F /* BiteNowTests.m */; };
		DC86629C1A01CCED00668B3F /* UIImage+BiteNow.m in Sources */ = {isa = PBXBuildFile; fileRef = DC86629B1A01CCED00668B3F /* UIImage+BiteNow.m */; };
		DC86629F1A01CFB800668B3F /* UIColor+BiteNow.m in Sources */ = {isa = PBXBuildFile; fileRef = DC86629E1A01CFB800668B3F /* UIColor+BiteNow.m */; };
		DCC04EB91A056AB500BD886F /* Parse.framework in Frameworks */ = {isa = PBXBuildFile; fileRef = DCC04EB81A056AB500BD886F /* Parse.framework */; };
		DCC04EBB1A056AE100BD886F /* AudioToolbox.framework in Frameworks */ = {isa = PBXBuildFile; fileRef = DCC04EBA1A056AE100BD886F /* AudioToolbox.framework */; };
		DCC04EBD1A056AE800BD886F /* CFNetwork.framework in Frameworks */ = {isa = PBXBuildFile; fileRef = DCC04EBC1A056AE800BD886F /* CFNetwork.framework */; };
		DCC04EBF1A056AFC00BD886F /* libz.dylib in Frameworks */ = {isa = PBXBuildFile; fileRef = DCC04EBE1A056AFC00BD886F /* libz.dylib */; };
		DCC04EC11A056B0300BD886F /* MobileCoreServices.framework in Frameworks */ = {isa = PBXBuildFile; fileRef = DCC04EC01A056B0300BD886F /* MobileCoreServices.framework */; };
		DCC04EC31A056B0900BD886F /* QuartzCore.framework in Frameworks */ = {isa = PBXBuildFile; fileRef = DCC04EC21A056B0900BD886F /* QuartzCore.framework */; };
		DCC04EC51A056B1100BD886F /* Security.framework in Frameworks */ = {isa = PBXBuildFile; fileRef = DCC04EC41A056B1100BD886F /* Security.framework */; };
		DCC04EC71A056B1900BD886F /* StoreKit.framework in Frameworks */ = {isa = PBXBuildFile; fileRef = DCC04EC61A056B1900BD886F /* StoreKit.framework */; };
		DCC04EC91A056B2200BD886F /* SystemConfiguration.framework in Frameworks */ = {isa = PBXBuildFile; fileRef = DCC04EC81A056B2200BD886F /* SystemConfiguration.framework */; };
		DCC628BD1A01ED6900F6E477 /* TSCoreMotionListener.m in Sources */ = {isa = PBXBuildFile; fileRef = DCC628BA1A01ED6900F6E477 /* TSCoreMotionListener.m */; };
		DCC628BE1A01ED6900F6E477 /* TSTapDetector.m in Sources */ = {isa = PBXBuildFile; fileRef = DCC628BC1A01ED6900F6E477 /* TSTapDetector.m */; };
		DCC628C01A01F02A00F6E477 /* CoreLocation.framework in Frameworks */ = {isa = PBXBuildFile; fileRef = DCC628BF1A01F02A00F6E477 /* CoreLocation.framework */; };
/* End PBXBuildFile section */

/* Begin PBXContainerItemProxy section */
		DC8662881A01BF6C00668B3F /* PBXContainerItemProxy */ = {
			isa = PBXContainerItemProxy;
			containerPortal = DC86625A1A01BF6C00668B3F /* Project object */;
			proxyType = 1;
			remoteGlobalIDString = DC8662611A01BF6C00668B3F;
			remoteInfo = BiteNow;
		};
/* End PBXContainerItemProxy section */

/* Begin PBXFileReference section */
		DC8662621A01BF6C00668B3F /* BiteNow.app */ = {isa = PBXFileReference; explicitFileType = wrapper.application; includeInIndex = 0; path = BiteNow.app; sourceTree = BUILT_PRODUCTS_DIR; };
		DC8662651A01BF6C00668B3F /* Foundation.framework */ = {isa = PBXFileReference; lastKnownFileType = wrapper.framework; name = Foundation.framework; path = System/Library/Frameworks/Foundation.framework; sourceTree = SDKROOT; };
		DC8662671A01BF6C00668B3F /* CoreGraphics.framework */ = {isa = PBXFileReference; lastKnownFileType = wrapper.framework; name = CoreGraphics.framework; path = System/Library/Frameworks/CoreGraphics.framework; sourceTree = SDKROOT; };
		DC8662691A01BF6C00668B3F /* UIKit.framework */ = {isa = PBXFileReference; lastKnownFileType = wrapper.framework; name = UIKit.framework; path = System/Library/Frameworks/UIKit.framework; sourceTree = SDKROOT; };
		DC86626D1A01BF6C00668B3F /* BiteNow-Info.plist */ = {isa = PBXFileReference; lastKnownFileType = text.plist.xml; path = "BiteNow-Info.plist"; sourceTree = "<group>"; };
		DC86626F1A01BF6C00668B3F /* en */ = {isa = PBXFileReference; lastKnownFileType = text.plist.strings; name = en; path = en.lproj/InfoPlist.strings; sourceTree = "<group>"; };
		DC8662711A01BF6C00668B3F /* main.m */ = {isa = PBXFileReference; lastKnownFileType = sourcecode.c.objc; path = main.m; sourceTree = "<group>"; };
		DC8662731A01BF6C00668B3F /* BiteNow-Prefix.pch */ = {isa = PBXFileReference; lastKnownFileType = sourcecode.c.h; path = "BiteNow-Prefix.pch"; sourceTree = "<group>"; };
		DC8662741A01BF6C00668B3F /* BNAppDelegate.h */ = {isa = PBXFileReference; lastKnownFileType = sourcecode.c.h; path = BNAppDelegate.h; sourceTree = "<group>"; };
		DC8662751A01BF6C00668B3F /* BNAppDelegate.m */ = {isa = PBXFileReference; lastKnownFileType = sourcecode.c.objc; path = BNAppDelegate.m; sourceTree = "<group>"; };
		DC8662781A01BF6C00668B3F /* Base */ = {isa = PBXFileReference; lastKnownFileType = file.storyboard; name = Base; path = Base.lproj/Main.storyboard; sourceTree = "<group>"; };
		DC86627A1A01BF6C00668B3F /* BNViewController.h */ = {isa = PBXFileReference; lastKnownFileType = sourcecode.c.h; path = BNViewController.h; sourceTree = "<group>"; };
		DC86627B1A01BF6C00668B3F /* BNViewController.m */ = {isa = PBXFileReference; lastKnownFileType = sourcecode.c.objc; path = BNViewController.m; sourceTree = "<group>"; };
		DC86627D1A01BF6C00668B3F /* Images.xcassets */ = {isa = PBXFileReference; lastKnownFileType = folder.assetcatalog; path = Images.xcassets; sourceTree = "<group>"; };
		DC8662831A01BF6C00668B3F /* BiteNowTests.xctest */ = {isa = PBXFileReference; explicitFileType = wrapper.cfbundle; includeInIndex = 0; path = BiteNowTests.xctest; sourceTree = BUILT_PRODUCTS_DIR; };
		DC86628C1A01BF6C00668B3F /* BiteNowTests-Info.plist */ = {isa = PBXFileReference; lastKnownFileType = text.plist.xml; path = "BiteNowTests-Info.plist"; sourceTree = "<group>"; };
		DC86628E1A01BF6C00668B3F /* en */ = {isa = PBXFileReference; lastKnownFileType = text.plist.strings; name = en; path = en.lproj/InfoPlist.strings; sourceTree = "<group>"; };
		DC8662901A01BF6C00668B3F /* BiteNowTests.m */ = {isa = PBXFileReference; lastKnownFileType = sourcecode.c.objc; path = BiteNowTests.m; sourceTree = "<group>"; };
		DC86629A1A01CCED00668B3F /* UIImage+BiteNow.h */ = {isa = PBXFileReference; fileEncoding = 4; lastKnownFileType = sourcecode.c.h; path = "UIImage+BiteNow.h"; sourceTree = "<group>"; };
		DC86629B1A01CCED00668B3F /* UIImage+BiteNow.m */ = {isa = PBXFileReference; fileEncoding = 4; lastKnownFileType = sourcecode.c.objc; path = "UIImage+BiteNow.m"; sourceTree = "<group>"; };
		DC86629D1A01CFB800668B3F /* UIColor+BiteNow.h */ = {isa = PBXFileReference; fileEncoding = 4; lastKnownFileType = sourcecode.c.h; path = "UIColor+BiteNow.h"; sourceTree = "<group>"; };
		DC86629E1A01CFB800668B3F /* UIColor+BiteNow.m */ = {isa = PBXFileReference; fileEncoding = 4; lastKnownFileType = sourcecode.c.objc; path = "UIColor+BiteNow.m"; sourceTree = "<group>"; };
		DCC04EB81A056AB500BD886F /* Parse.framework */ = {isa = PBXFileReference; lastKnownFileType = wrapper.framework; path = Parse.framework; sourceTree = "<group>"; };
		DCC04EBA1A056AE100BD886F /* AudioToolbox.framework */ = {isa = PBXFileReference; lastKnownFileType = wrapper.framework; name = AudioToolbox.framework; path = System/Library/Frameworks/AudioToolbox.framework; sourceTree = SDKROOT; };
		DCC04EBC1A056AE800BD886F /* CFNetwork.framework */ = {isa = PBXFileReference; lastKnownFileType = wrapper.framework; name = CFNetwork.framework; path = System/Library/Frameworks/CFNetwork.framework; sourceTree = SDKROOT; };
		DCC04EBE1A056AFC00BD886F /* libz.dylib */ = {isa = PBXFileReference; lastKnownFileType = "compiled.mach-o.dylib"; name = libz.dylib; path = usr/lib/libz.dylib; sourceTree = SDKROOT; };
		DCC04EC01A056B0300BD886F /* MobileCoreServices.framework */ = {isa = PBXFileReference; lastKnownFileType = wrapper.framework; name = MobileCoreServices.framework; path = System/Library/Frameworks/MobileCoreServices.framework; sourceTree = SDKROOT; };
		DCC04EC21A056B0900BD886F /* QuartzCore.framework */ = {isa = PBXFileReference; lastKnownFileType = wrapper.framework; name = QuartzCore.framework; path = System/Library/Frameworks/QuartzCore.framework; sourceTree = SDKROOT; };
		DCC04EC41A056B1100BD886F /* Security.framework */ = {isa = PBXFileReference; lastKnownFileType = wrapper.framework; name = Security.framework; path = System/Library/Frameworks/Security.framework; sourceTree = SDKROOT; };
		DCC04EC61A056B1900BD886F /* StoreKit.framework */ = {isa = PBXFileReference; lastKnownFileType = wrapper.framework; name = StoreKit.framework; path = System/Library/Frameworks/StoreKit.framework; sourceTree = SDKROOT; };
		DCC04EC81A056B2200BD886F /* SystemConfiguration.framework */ = {isa = PBXFileReference; lastKnownFileType = wrapper.framework; name = SystemConfiguration.framework; path = System/Library/Frameworks/SystemConfiguration.framework; sourceTree = SDKROOT; };
		DCC628B91A01ED6900F6E477 /* TSCoreMotionListener.h */ = {isa = PBXFileReference; fileEncoding = 4; lastKnownFileType = sourcecode.c.h; name = TSCoreMotionListener.h; path = ../../../TapShare/TapShare/TSCoreMotionListener.h; sourceTree = "<group>"; };
		DCC628BA1A01ED6900F6E477 /* TSCoreMotionListener.m */ = {isa = PBXFileReference; fileEncoding = 4; lastKnownFileType = sourcecode.c.objc; name = TSCoreMotionListener.m; path = ../../../TapShare/TapShare/TSCoreMotionListener.m; sourceTree = "<group>"; };
		DCC628BB1A01ED6900F6E477 /* TSTapDetector.h */ = {isa = PBXFileReference; fileEncoding = 4; lastKnownFileType = sourcecode.c.h; name = TSTapDetector.h; path = ../../../TapShare/TapShare/TSTapDetector.h; sourceTree = "<group>"; };
		DCC628BC1A01ED6900F6E477 /* TSTapDetector.m */ = {isa = PBXFileReference; fileEncoding = 4; lastKnownFileType = sourcecode.c.objc; name = TSTapDetector.m; path = ../../../TapShare/TapShare/TSTapDetector.m; sourceTree = "<group>"; };
		DCC628BF1A01F02A00F6E477 /* CoreLocation.framework */ = {isa = PBXFileReference; lastKnownFileType = wrapper.framework; name = CoreLocation.framework; path = System/Library/Frameworks/CoreLocation.framework; sourceTree = SDKROOT; };
/* End PBXFileReference section */

/* Begin PBXFrameworksBuildPhase section */
		DC86625F1A01BF6C00668B3F /* Frameworks */ = {
			isa = PBXFrameworksBuildPhase;
			buildActionMask = 2147483647;
			files = (
				DCC04EC91A056B2200BD886F /* SystemConfiguration.framework in Frameworks */,
				DCC04EC71A056B1900BD886F /* StoreKit.framework in Frameworks */,
				DCC04EC51A056B1100BD886F /* Security.framework in Frameworks */,
				DCC04EC31A056B0900BD886F /* QuartzCore.framework in Frameworks */,
				DCC04EC11A056B0300BD886F /* MobileCoreServices.framework in Frameworks */,
				DCC04EBF1A056AFC00BD886F /* libz.dylib in Frameworks */,
				DC8662681A01BF6C00668B3F /* CoreGraphics.framework in Frameworks */,
				DCC04EBD1A056AE800BD886F /* CFNetwork.framework in Frameworks */,
				DCC04EBB1A056AE100BD886F /* AudioToolbox.framework in Frameworks */,
				DCC628C01A01F02A00F6E477 /* CoreLocation.framework in Frameworks */,
				DC86626A1A01BF6C00668B3F /* UIKit.framework in Frameworks */,
				DC8662661A01BF6C00668B3F /* Foundation.framework in Frameworks */,
				DCC04EB91A056AB500BD886F /* Parse.framework in Frameworks */,
			);
			runOnlyForDeploymentPostprocessing = 0;
		};
		DC8662801A01BF6C00668B3F /* Frameworks */ = {
			isa = PBXFrameworksBuildPhase;
			buildActionMask = 2147483647;
			files = (
				DC8662871A01BF6C00668B3F /* UIKit.framework in Frameworks */,
				DC8662861A01BF6C00668B3F /* Foundation.framework in Frameworks */,
			);
			runOnlyForDeploymentPostprocessing = 0;
		};
/* End PBXFrameworksBuildPhase section */

/* Begin PBXGroup section */
		DC63F7441A800E5400193041 /* Tap Detection */ = {
			isa = PBXGroup;
			children = (
				DCC628B91A01ED6900F6E477 /* TSCoreMotionListener.h */,
				DCC628BA1A01ED6900F6E477 /* TSCoreMotionListener.m */,
				DCC628BB1A01ED6900F6E477 /* TSTapDetector.h */,
				DCC628BC1A01ED6900F6E477 /* TSTapDetector.m */,
			);
			name = "Tap Detection";
			sourceTree = "<group>";
		};
		DC63F7451A800E5E00193041 /* Categories */ = {
			isa = PBXGroup;
			children = (
				DC86629D1A01CFB800668B3F /* UIColor+BiteNow.h */,
				DC86629E1A01CFB800668B3F /* UIColor+BiteNow.m */,
				DC86629A1A01CCED00668B3F /* UIImage+BiteNow.h */,
				DC86629B1A01CCED00668B3F /* UIImage+BiteNow.m */,
			);
			name = Categories;
			sourceTree = "<group>";
		};
		DC63F7461A800E6900193041 /* View Controllers */ = {
			isa = PBXGroup;
			children = (
				DC86627A1A01BF6C00668B3F /* BNViewController.h */,
				DC86627B1A01BF6C00668B3F /* BNViewController.m */,
			);
			name = "View Controllers";
			sourceTree = "<group>";
		};
		DC8662591A01BF6C00668B3F = {
			isa = PBXGroup;
			children = (
				DC86626B1A01BF6C00668B3F /* BiteNow */,
				DC86628A1A01BF6C00668B3F /* BiteNowTests */,
				DC8662641A01BF6C00668B3F /* Frameworks */,
				DC8662631A01BF6C00668B3F /* Products */,
			);
			sourceTree = "<group>";
		};
		DC8662631A01BF6C00668B3F /* Products */ = {
			isa = PBXGroup;
			children = (
				DC8662621A01BF6C00668B3F /* BiteNow.app */,
				DC8662831A01BF6C00668B3F /* BiteNowTests.xctest */,
			);
			name = Products;
			sourceTree = "<group>";
		};
		DC8662641A01BF6C00668B3F /* Frameworks */ = {
			isa = PBXGroup;
			children = (
				DCC04EC81A056B2200BD886F /* SystemConfiguration.framework */,
				DCC04EC61A056B1900BD886F /* StoreKit.framework */,
				DCC04EC41A056B1100BD886F /* Security.framework */,
				DCC04EC21A056B0900BD886F /* QuartzCore.framework */,
				DCC04EC01A056B0300BD886F /* MobileCoreServices.framework */,
				DCC04EBE1A056AFC00BD886F /* libz.dylib */,
				DCC04EBC1A056AE800BD886F /* CFNetwork.framework */,
				DCC04EBA1A056AE100BD886F /* AudioToolbox.framework */,
				DCC04EB81A056AB500BD886F /* Parse.framework */,
				DCC628BF1A01F02A00F6E477 /* CoreLocation.framework */,
				DC8662651A01BF6C00668B3F /* Foundation.framework */,
				DC8662671A01BF6C00668B3F /* CoreGraphics.framework */,
				DC8662691A01BF6C00668B3F /* UIKit.framework */,
			);
			name = Frameworks;
			sourceTree = "<group>";
		};
		DC86626B1A01BF6C00668B3F /* BiteNow */ = {
			isa = PBXGroup;
			children = (
				DC8662741A01BF6C00668B3F /* BNAppDelegate.h */,
				DC8662751A01BF6C00668B3F /* BNAppDelegate.m */,
				DC8662771A01BF6C00668B3F /* Main.storyboard */,
				DC63F7461A800E6900193041 /* View Controllers */,
				DC63F7451A800E5E00193041 /* Categories */,
				DC63F7441A800E5400193041 /* Tap Detection */,
				DC86627D1A01BF6C00668B3F /* Images.xcassets */,
				DC86626C1A01BF6C00668B3F /* Supporting Files */,
			);
			path = BiteNow;
			sourceTree = "<group>";
		};
		DC86626C1A01BF6C00668B3F /* Supporting Files */ = {
			isa = PBXGroup;
			children = (
				DC86626D1A01BF6C00668B3F /* BiteNow-Info.plist */,
				DC86626E1A01BF6C00668B3F /* InfoPlist.strings */,
				DC8662711A01BF6C00668B3F /* main.m */,
				DC8662731A01BF6C00668B3F /* BiteNow-Prefix.pch */,
			);
			name = "Supporting Files";
			sourceTree = "<group>";
		};
		DC86628A1A01BF6C00668B3F /* BiteNowTests */ = {
			isa = PBXGroup;
			children = (
				DC8662901A01BF6C00668B3F /* BiteNowTests.m */,
				DC86628B1A01BF6C00668B3F /* Supporting Files */,
			);
			path = BiteNowTests;
			sourceTree = "<group>";
		};
		DC86628B1A01BF6C00668B3F /* Supporting Files */ = {
			isa = PBXGroup;
			children = (
				DC86628C1A01BF6C00668B3F /* BiteNowTests-Info.plist */,
				DC86628D1A01BF6C00668B3F /* InfoPlist.strings */,
			);
			name = "Supporting Files";
			sourceTree = "<group>";
		};
/* End PBXGroup section */

/* Begin PBXNativeTarget section */
		DC8662611A01BF6C00668B3F /* BiteNow */ = {
			isa = PBXNativeTarget;
			buildConfigurationList = DC8662941A01BF6C00668B3F /* Build configuration list for PBXNativeTarget "BiteNow" */;
			buildPhases = (
				DC86625E1A01BF6C00668B3F /* Sources */,
				DC86625F1A01BF6C00668B3F /* Frameworks */,
				DC8662601A01BF6C00668B3F /* Resources */,
			);
			buildRules = (
			);
			dependencies = (
			);
			name = BiteNow;
			productName = BiteNow;
			productReference = DC8662621A01BF6C00668B3F /* BiteNow.app */;
			productType = "com.apple.product-type.application";
		};
		DC8662821A01BF6C00668B3F /* BiteNowTests */ = {
			isa = PBXNativeTarget;
			buildConfigurationList = DC8662971A01BF6C00668B3F /* Build configuration list for PBXNativeTarget "BiteNowTests" */;
			buildPhases = (
				DC86627F1A01BF6C00668B3F /* Sources */,
				DC8662801A01BF6C00668B3F /* Frameworks */,
				DC8662811A01BF6C00668B3F /* Resources */,
			);
			buildRules = (
			);
			dependencies = (
				DC8662891A01BF6C00668B3F /* PBXTargetDependency */,
			);
			name = BiteNowTests;
			productName = BiteNowTests;
			productReference = DC8662831A01BF6C00668B3F /* BiteNowTests.xctest */;
			productType = "com.apple.product-type.bundle.unit-test";
		};
/* End PBXNativeTarget section */

/* Begin PBXProject section */
		DC86625A1A01BF6C00668B3F /* Project object */ = {
			isa = PBXProject;
			attributes = {
				CLASSPREFIX = BN;
				LastUpgradeCheck = 0510;
				ORGANIZATIONNAME = "Delta Lab";
				TargetAttributes = {
					DC8662611A01BF6C00668B3F = {
						DevelopmentTeam = W4E2C6X642;
						SystemCapabilities = {
							com.apple.BackgroundModes = {
								enabled = 1;
							};
						};
					};
					DC8662821A01BF6C00668B3F = {
						TestTargetID = DC8662611A01BF6C00668B3F;
					};
				};
			};
			buildConfigurationList = DC86625D1A01BF6C00668B3F /* Build configuration list for PBXProject "BiteNow" */;
			compatibilityVersion = "Xcode 3.2";
			developmentRegion = English;
			hasScannedForEncodings = 0;
			knownRegions = (
				en,
				Base,
			);
			mainGroup = DC8662591A01BF6C00668B3F;
			productRefGroup = DC8662631A01BF6C00668B3F /* Products */;
			projectDirPath = "";
			projectRoot = "";
			targets = (
				DC8662611A01BF6C00668B3F /* BiteNow */,
				DC8662821A01BF6C00668B3F /* BiteNowTests */,
			);
		};
/* End PBXProject section */

/* Begin PBXResourcesBuildPhase section */
		DC8662601A01BF6C00668B3F /* Resources */ = {
			isa = PBXResourcesBuildPhase;
			buildActionMask = 2147483647;
			files = (
				DC86627E1A01BF6C00668B3F /* Images.xcassets in Resources */,
				DC8662701A01BF6C00668B3F /* InfoPlist.strings in Resources */,
				DC8662791A01BF6C00668B3F /* Main.storyboard in Resources */,
			);
			runOnlyForDeploymentPostprocessing = 0;
		};
		DC8662811A01BF6C00668B3F /* Resources */ = {
			isa = PBXResourcesBuildPhase;
			buildActionMask = 2147483647;
			files = (
				DC86628F1A01BF6C00668B3F /* InfoPlist.strings in Resources */,
			);
			runOnlyForDeploymentPostprocessing = 0;
		};
/* End PBXResourcesBuildPhase section */

/* Begin PBXSourcesBuildPhase section */
		DC86625E1A01BF6C00668B3F /* Sources */ = {
			isa = PBXSourcesBuildPhase;
			buildActionMask = 2147483647;
			files = (
				DCC628BD1A01ED6900F6E477 /* TSCoreMotionListener.m in Sources */,
				DC86629C1A01CCED00668B3F /* UIImage+BiteNow.m in Sources */,
				DCC628BE1A01ED6900F6E477 /* TSTapDetector.m in Sources */,
				DC86627C1A01BF6C00668B3F /* BNViewController.m in Sources */,
				DC8662761A01BF6C00668B3F /* BNAppDelegate.m in Sources */,
				DC8662721A01BF6C00668B3F /* main.m in Sources */,
				DC86629F1A01CFB800668B3F /* UIColor+BiteNow.m in Sources */,
			);
			runOnlyForDeploymentPostprocessing = 0;
		};
		DC86627F1A01BF6C00668B3F /* Sources */ = {
			isa = PBXSourcesBuildPhase;
			buildActionMask = 2147483647;
			files = (
				DC8662911A01BF6C00668B3F /* BiteNowTests.m in Sources */,
			);
			runOnlyForDeploymentPostprocessing = 0;
		};
/* End PBXSourcesBuildPhase section */

/* Begin PBXTargetDependency section */
		DC8662891A01BF6C00668B3F /* PBXTargetDependency */ = {
			isa = PBXTargetDependency;
			target = DC8662611A01BF6C00668B3F /* BiteNow */;
			targetProxy = DC8662881A01BF6C00668B3F /* PBXContainerItemProxy */;
		};
/* End PBXTargetDependency section */

/* Begin PBXVariantGroup section */
		DC86626E1A01BF6C00668B3F /* InfoPlist.strings */ = {
			isa = PBXVariantGroup;
			children = (
				DC86626F1A01BF6C00668B3F /* en */,
			);
			name = InfoPlist.strings;
			sourceTree = "<group>";
		};
		DC8662771A01BF6C00668B3F /* Main.storyboard */ = {
			isa = PBXVariantGroup;
			children = (
				DC8662781A01BF6C00668B3F /* Base */,
			);
			name = Main.storyboard;
			sourceTree = "<group>";
		};
		DC86628D1A01BF6C00668B3F /* InfoPlist.strings */ = {
			isa = PBXVariantGroup;
			children = (
				DC86628E1A01BF6C00668B3F /* en */,
			);
			name = InfoPlist.strings;
			sourceTree = "<group>";
		};
/* End PBXVariantGroup section */

/* Begin XCBuildConfiguration section */
		DC8662921A01BF6C00668B3F /* Debug */ = {
			isa = XCBuildConfiguration;
			buildSettings = {
				ALWAYS_SEARCH_USER_PATHS = NO;
				CLANG_CXX_LANGUAGE_STANDARD = "gnu++0x";
				CLANG_CXX_LIBRARY = "libc++";
				CLANG_ENABLE_MODULES = YES;
				CLANG_ENABLE_OBJC_ARC = YES;
				CLANG_WARN_BOOL_CONVERSION = YES;
				CLANG_WARN_CONSTANT_CONVERSION = YES;
				CLANG_WARN_DIRECT_OBJC_ISA_USAGE = YES_ERROR;
				CLANG_WARN_EMPTY_BODY = YES;
				CLANG_WARN_ENUM_CONVERSION = YES;
				CLANG_WARN_INT_CONVERSION = YES;
				CLANG_WARN_OBJC_ROOT_CLASS = YES_ERROR;
				CLANG_WARN__DUPLICATE_METHOD_MATCH = YES;
				"CODE_SIGN_IDENTITY[sdk=iphoneos*]" = "iPhone Developer";
				COPY_PHASE_STRIP = NO;
				GCC_C_LANGUAGE_STANDARD = gnu99;
				GCC_DYNAMIC_NO_PIC = NO;
				GCC_OPTIMIZATION_LEVEL = 0;
				GCC_PREPROCESSOR_DEFINITIONS = (
					"DEBUG=1",
					"$(inherited)",
				);
				GCC_SYMBOLS_PRIVATE_EXTERN = NO;
				GCC_WARN_64_TO_32_BIT_CONVERSION = YES;
				GCC_WARN_ABOUT_RETURN_TYPE = YES_ERROR;
				GCC_WARN_UNDECLARED_SELECTOR = YES;
				GCC_WARN_UNINITIALIZED_AUTOS = YES_AGGRESSIVE;
				GCC_WARN_UNUSED_FUNCTION = YES;
				GCC_WARN_UNUSED_VARIABLE = YES;
				IPHONEOS_DEPLOYMENT_TARGET = 7.1;
				ONLY_ACTIVE_ARCH = YES;
				PROVISIONING_PROFILE = "a684a7dc-008e-48d8-a1cb-9c87dc6be3e3";
				SDKROOT = iphoneos;
			};
			name = Debug;
		};
		DC8662931A01BF6C00668B3F /* Release */ = {
			isa = XCBuildConfiguration;
			buildSettings = {
				ALWAYS_SEARCH_USER_PATHS = NO;
				CLANG_CXX_LANGUAGE_STANDARD = "gnu++0x";
				CLANG_CXX_LIBRARY = "libc++";
				CLANG_ENABLE_MODULES = YES;
				CLANG_ENABLE_OBJC_ARC = YES;
				CLANG_WARN_BOOL_CONVERSION = YES;
				CLANG_WARN_CONSTANT_CONVERSION = YES;
				CLANG_WARN_DIRECT_OBJC_ISA_USAGE = YES_ERROR;
				CLANG_WARN_EMPTY_BODY = YES;
				CLANG_WARN_ENUM_CONVERSION = YES;
				CLANG_WARN_INT_CONVERSION = YES;
				CLANG_WARN_OBJC_ROOT_CLASS = YES_ERROR;
				CLANG_WARN__DUPLICATE_METHOD_MATCH = YES;
				"CODE_SIGN_IDENTITY[sdk=iphoneos*]" = "iPhone Developer";
				COPY_PHASE_STRIP = YES;
				ENABLE_NS_ASSERTIONS = NO;
				GCC_C_LANGUAGE_STANDARD = gnu99;
				GCC_WARN_64_TO_32_BIT_CONVERSION = YES;
				GCC_WARN_ABOUT_RETURN_TYPE = YES_ERROR;
				GCC_WARN_UNDECLARED_SELECTOR = YES;
				GCC_WARN_UNINITIALIZED_AUTOS = YES_AGGRESSIVE;
				GCC_WARN_UNUSED_FUNCTION = YES;
				GCC_WARN_UNUSED_VARIABLE = YES;
				IPHONEOS_DEPLOYMENT_TARGET = 7.1;
				PROVISIONING_PROFILE = "a684a7dc-008e-48d8-a1cb-9c87dc6be3e3";
				SDKROOT = iphoneos;
				VALIDATE_PRODUCT = YES;
			};
			name = Release;
		};
		DC8662951A01BF6C00668B3F /* Debug */ = {
			isa = XCBuildConfiguration;
			buildSettings = {
				ASSETCATALOG_COMPILER_APPICON_NAME = AppIcon;
				ASSETCATALOG_COMPILER_LAUNCHIMAGE_NAME = LaunchImage;
				CODE_SIGN_IDENTITY = "iPhone Developer";
				FRAMEWORK_SEARCH_PATHS = (
					"$(inherited)",
					"$(PROJECT_DIR)",
				);
				GCC_PRECOMPILE_PREFIX_HEADER = YES;
				GCC_PREFIX_HEADER = "BiteNow/BiteNow-Prefix.pch";
				INFOPLIST_FILE = "BiteNow/BiteNow-Info.plist";
				PRODUCT_NAME = "$(TARGET_NAME)";
				PROVISIONING_PROFILE = "";
				WRAPPER_EXTENSION = app;
			};
			name = Debug;
		};
		DC8662961A01BF6C00668B3F /* Release */ = {
			isa = XCBuildConfiguration;
			buildSettings = {
				ASSETCATALOG_COMPILER_APPICON_NAME = AppIcon;
				ASSETCATALOG_COMPILER_LAUNCHIMAGE_NAME = LaunchImage;
				CODE_SIGN_IDENTITY = "iPhone Developer";
				FRAMEWORK_SEARCH_PATHS = (
					"$(inherited)",
					"$(PROJECT_DIR)",
				);
				GCC_PRECOMPILE_PREFIX_HEADER = YES;
				GCC_PREFIX_HEADER = "BiteNow/BiteNow-Prefix.pch";
				INFOPLIST_FILE = "BiteNow/BiteNow-Info.plist";
				PRODUCT_NAME = "$(TARGET_NAME)";
				PROVISIONING_PROFILE = "";
				WRAPPER_EXTENSION = app;
			};
			name = Release;
		};
		DC8662981A01BF6C00668B3F /* Debug */ = {
			isa = XCBuildConfiguration;
			buildSettings = {
				BUNDLE_LOADER = "$(BUILT_PRODUCTS_DIR)/BiteNow.app/BiteNow";
				FRAMEWORK_SEARCH_PATHS = (
					"$(SDKROOT)/Developer/Library/Frameworks",
					"$(inherited)",
					"$(DEVELOPER_FRAMEWORKS_DIR)",
				);
				GCC_PRECOMPILE_PREFIX_HEADER = YES;
				GCC_PREFIX_HEADER = "BiteNow/BiteNow-Prefix.pch";
				GCC_PREPROCESSOR_DEFINITIONS = (
					"DEBUG=1",
					"$(inherited)",
				);
				INFOPLIST_FILE = "BiteNowTests/BiteNowTests-Info.plist";
				PRODUCT_NAME = "$(TARGET_NAME)";
				TEST_HOST = "$(BUNDLE_LOADER)";
				WRAPPER_EXTENSION = xctest;
			};
			name = Debug;
		};
		DC8662991A01BF6C00668B3F /* Release */ = {
			isa = XCBuildConfiguration;
			buildSettings = {
				BUNDLE_LOADER = "$(BUILT_PRODUCTS_DIR)/BiteNow.app/BiteNow";
				FRAMEWORK_SEARCH_PATHS = (
					"$(SDKROOT)/Developer/Library/Frameworks",
					"$(inherited)",
					"$(DEVELOPER_FRAMEWORKS_DIR)",
				);
				GCC_PRECOMPILE_PREFIX_HEADER = YES;
				GCC_PREFIX_HEADER = "BiteNow/BiteNow-Prefix.pch";
				INFOPLIST_FILE = "BiteNowTests/BiteNowTests-Info.plist";
				PRODUCT_NAME = "$(TARGET_NAME)";
				TEST_HOST = "$(BUNDLE_LOADER)";
				WRAPPER_EXTENSION = xctest;
			};
			name = Release;
		};
/* End XCBuildConfiguration section */

/* Begin XCConfigurationList section */
		DC86625D1A01BF6C00668B3F /* Build configuration list for PBXProject "BiteNow" */ = {
			isa = XCConfigurationList;
			buildConfigurations = (
				DC8662921A01BF6C00668B3F /* Debug */,
				DC8662931A01BF6C00668B3F /* Release */,
			);
			defaultConfigurationIsVisible = 0;
			defaultConfigurationName = Release;
		};
		DC8662941A01BF6C00668B3F /* Build configuration list for PBXNativeTarget "BiteNow" */ = {
			isa = XCConfigurationList;
			buildConfigurations = (
				DC8662951A01BF6C00668B3F /* Debug */,
				DC8662961A01BF6C00668B3F /* Release */,
			);
			defaultConfigurationIsVisible = 0;
			defaultConfigurationName = Release;
		};
		DC8662971A01BF6C00668B3F /* Build configuration list for PBXNativeTarget "BiteNowTests" */ = {
			isa = XCConfigurationList;
			buildConfigurations = (
				DC8662981A01BF6C00668B3F /* Debug */,
				DC8662991A01BF6C00668B3F /* Release */,
			);
			defaultConfigurationIsVisible = 0;
			defaultConfigurationName = Release;
		};
/* End XCConfigurationList section */
	};
	rootObject = DC86625A1A01BF6C00668B3F /* Project object */;
}
